
Microsoft Visual Studio Solution File, Format Version 12.00
# Visual Studio Version 16
VisualStudioVersion = 16.0.31112.23
MinimumVisualStudioVersion = 10.0.40219.1
Project("{FAE04EC0-301F-11D3-BF4B-00C04F79EFBC}") = "AngryBirds", "AngryBirds\AngryBirds.csproj", "{4FEDE91E-15EF-460E-8FB9-4D62D6AE86F9}"
EndProject
Global
	GlobalSection(SolutionConfigurationPlatforms) = preSolution
		Debug|Any CPU = Debug|Any CPU
		Release|Any CPU = Release|Any CPU
	EndGlobalSection
	GlobalSection(ProjectConfigurationPlatforms) = postSolution
		{4FEDE91E-15EF-460E-8FB9-4D62D6AE86F9}.Debug|Any CPU.ActiveCfg = Debug|Any CPU
		{4FEDE91E-15EF-460E-8FB9-4D62D6AE86F9}.Debug|Any CPU.Build.0 = Debug|Any CPU
		{4FEDE91E-15EF-460E-8FB9-4D62D6AE86F9}.Release|Any CPU.ActiveCfg = Release|Any CPU
		{4FEDE91E-15EF-460E-8FB9-4D62D6AE86F9}.Release|Any CPU.Build.0 = Release|Any CPU
	EndGlobalSection
	GlobalSection(SolutionProperties) = preSolution
		HideSolutionNode = FALSE
	EndGlobalSection
	GlobalSection(ExtensibilityGlobals) = postSolution
		SolutionGuid = {93B931AC-FDAB-4A4E-B7FE-E4ECC4EBEDBB}
	EndGlobalSection
EndGlobal
